
Microsoft Visual Studio Solution File, Format Version 12.00
# Visual Studio Version 17
VisualStudioVersion = 17.2.32630.192
MinimumVisualStudioVersion = 10.0.40219.1
Project("{FAE04EC0-301F-11D3-BF4B-00C04F79EFBC}") = "Testing", "Testing.csproj", "{9756F29D-58B3-410D-8893-1D427ABB6ECD}"
EndProject
Global
	GlobalSection(SolutionConfigurationPlatforms) = preSolution
		Debug|Any CPU = Debug|Any CPU
		Release|Any CPU = Release|Any CPU
	EndGlobalSection
	GlobalSection(ProjectConfigurationPlatforms) = postSolution
		{9756F29D-58B3-410D-8893-1D427ABB6ECD}.Debug|Any CPU.ActiveCfg = Debug|Any CPU
		{9756F29D-58B3-410D-8893-1D427ABB6ECD}.Debug|Any CPU.Build.0 = Debug|Any CPU
		{9756F29D-58B3-410D-8893-1D427ABB6ECD}.Release|Any CPU.ActiveCfg = Release|Any CPU
		{9756F29D-58B3-410D-8893-1D427ABB6ECD}.Release|Any CPU.Build.0 = Release|Any CPU
	EndGlobalSection
	GlobalSection(SolutionProperties) = preSolution
		HideSolutionNode = FALSE
	EndGlobalSection
	GlobalSection(ExtensibilityGlobals) = postSolution
		SolutionGuid = {818E4D98-3AFA-40BE-AB71-EAD13561CEC7}
	EndGlobalSection
EndGlobal
